
Microsoft Visual Studio Solution File, Format Version 12.00
# Visual Studio Version 17
VisualStudioVersion = 17.6.33815.320
MinimumVisualStudioVersion = 10.0.40219.1
Project("{FAE04EC0-301F-11D3-BF4B-00C04F79EFBC}") = "DataBaseFirstBlazor.Server", "DataBaseFirstBlazor\Server\DataBaseFirstBlazor.Server.csproj", "{743158D8-6B5D-4A09-9559-E1F2604F2B45}"
EndProject
Project("{FAE04EC0-301F-11D3-BF4B-00C04F79EFBC}") = "DataBaseFirstBlazor.Client", "DataBaseFirstBlazor\Client\DataBaseFirstBlazor.Client.csproj", "{31E127ED-3393-4FB7-8CBE-CE571E7D6368}"
EndProject
Project("{FAE04EC0-301F-11D3-BF4B-00C04F79EFBC}") = "DataBaseFirstBlazor.Shared", "DataBaseFirstBlazor\Shared\DataBaseFirstBlazor.Shared.csproj", "{8AA4AB9D-513D-40D3-B64C-A206399A6042}"
EndProject
Global
	GlobalSection(SolutionConfigurationPlatforms) = preSolution
		Debug|Any CPU = Debug|Any CPU
		Release|Any CPU = Release|Any CPU
	EndGlobalSection
	GlobalSection(ProjectConfigurationPlatforms) = postSolution
		{743158D8-6B5D-4A09-9559-E1F2604F2B45}.Debug|Any CPU.ActiveCfg = Debug|Any CPU
		{743158D8-6B5D-4A09-9559-E1F2604F2B45}.Debug|Any CPU.Build.0 = Debug|Any CPU
		{743158D8-6B5D-4A09-9559-E1F2604F2B45}.Release|Any CPU.ActiveCfg = Release|Any CPU
		{743158D8-6B5D-4A09-9559-E1F2604F2B45}.Release|Any CPU.Build.0 = Release|Any CPU
		{31E127ED-3393-4FB7-8CBE-CE571E7D6368}.Debug|Any CPU.ActiveCfg = Debug|Any CPU
		{31E127ED-3393-4FB7-8CBE-CE571E7D6368}.Debug|Any CPU.Build.0 = Debug|Any CPU
		{31E127ED-3393-4FB7-8CBE-CE571E7D6368}.Release|Any CPU.ActiveCfg = Release|Any CPU
		{31E127ED-3393-4FB7-8CBE-CE571E7D6368}.Release|Any CPU.Build.0 = Release|Any CPU
		{8AA4AB9D-513D-40D3-B64C-A206399A6042}.Debug|Any CPU.ActiveCfg = Debug|Any CPU
		{8AA4AB9D-513D-40D3-B64C-A206399A6042}.Debug|Any CPU.Build.0 = Debug|Any CPU
		{8AA4AB9D-513D-40D3-B64C-A206399A6042}.Release|Any CPU.ActiveCfg = Release|Any CPU
		{8AA4AB9D-513D-40D3-B64C-A206399A6042}.Release|Any CPU.Build.0 = Release|Any CPU
	EndGlobalSection
	GlobalSection(SolutionProperties) = preSolution
		HideSolutionNode = FALSE
	EndGlobalSection
	GlobalSection(ExtensibilityGlobals) = postSolution
		SolutionGuid = {C1F958BE-F96E-4B6D-AF66-B8D14EEAA90B}
	EndGlobalSection
EndGlobal
